
Microsoft Visual Studio Solution File, Format Version 12.00
# Visual Studio Version 17
VisualStudioVersion = 17.3.32922.545
MinimumVisualStudioVersion = 10.0.40219.1
Project("{FAE04EC0-301F-11D3-BF4B-00C04F79EFBC}") = "ExpenseTracker.UWP", "ExpenseTracker.UWP\ExpenseTracker.UWP.csproj", "{1774C7F0-0E2F-47A9-9FCF-411F82F536D2}"
EndProject
Project("{FAE04EC0-301F-11D3-BF4B-00C04F79EFBC}") = "ExpenseTracker.Android", "ExpenseTracker.Android\ExpenseTracker.Android.csproj", "{54CDD2A4-E1B8-400A-9D86-0308775E077B}"
EndProject
Project("{FAE04EC0-301F-11D3-BF4B-00C04F79EFBC}") = "ExpenseTracker.iOS", "ExpenseTracker.iOS\ExpenseTracker.iOS.csproj", "{2E67B4BA-03B1-46C3-819A-CB114F4D41DF}"
EndProject
Project("{FAE04EC0-301F-11D3-BF4B-00C04F79EFBC}") = "ExpenseTracker", "ExpenseTracker\ExpenseTracker.csproj", "{186C23AB-AB35-4396-9E48-590A56D5D3FB}"
EndProject
Global
	GlobalSection(SolutionConfigurationPlatforms) = preSolution
		Debug|Any CPU = Debug|Any CPU
		Debug|ARM = Debug|ARM
		Debug|iPhone = Debug|iPhone
		Debug|iPhoneSimulator = Debug|iPhoneSimulator
		Debug|x64 = Debug|x64
		Debug|x86 = Debug|x86
		Release|Any CPU = Release|Any CPU
		Release|ARM = Release|ARM
		Release|iPhone = Release|iPhone
		Release|iPhoneSimulator = Release|iPhoneSimulator
		Release|x64 = Release|x64
		Release|x86 = Release|x86
	EndGlobalSection
	GlobalSection(ProjectConfigurationPlatforms) = postSolution
		{1774C7F0-0E2F-47A9-9FCF-411F82F536D2}.Debug|Any CPU.ActiveCfg = Debug|x64
		{1774C7F0-0E2F-47A9-9FCF-411F82F536D2}.Debug|Any CPU.Build.0 = Debug|x64
		{1774C7F0-0E2F-47A9-9FCF-411F82F536D2}.Debug|Any CPU.Deploy.0 = Debug|x64
		{1774C7F0-0E2F-47A9-9FCF-411F82F536D2}.Debug|ARM.ActiveCfg = Debug|ARM
		{1774C7F0-0E2F-47A9-9FCF-411F82F536D2}.Debug|ARM.Build.0 = Debug|ARM
		{1774C7F0-0E2F-47A9-9FCF-411F82F536D2}.Debug|ARM.Deploy.0 = Debug|ARM
		{1774C7F0-0E2F-47A9-9FCF-411F82F536D2}.Debug|iPhone.ActiveCfg = Debug|x64
		{1774C7F0-0E2F-47A9-9FCF-411F82F536D2}.Debug|iPhone.Build.0 = Debug|x64
		{1774C7F0-0E2F-47A9-9FCF-411F82F536D2}.Debug|iPhone.Deploy.0 = Debug|x64
		{1774C7F0-0E2F-47A9-9FCF-411F82F536D2}.Debug|iPhoneSimulator.ActiveCfg = Debug|x64
		{1774C7F0-0E2F-47A9-9FCF-411F82F536D2}.Debug|iPhoneSimulator.Build.0 = Debug|x64
		{1774C7F0-0E2F-47A9-9FCF-411F82F536D2}.Debug|iPhoneSimulator.Deploy.0 = Debug|x64
		{1774C7F0-0E2F-47A9-9FCF-411F82F536D2}.Debug|x64.ActiveCfg = Debug|x64
		{1774C7F0-0E2F-47A9-9FCF-411F82F536D2}.Debug|x64.Build.0 = Debug|x64
		{1774C7F0-0E2F-47A9-9FCF-411F82F536D2}.Debug|x64.Deploy.0 = Debug|x64
		{1774C7F0-0E2F-47A9-9FCF-411F82F536D2}.Debug|x86.ActiveCfg = Debug|x86
		{1774C7F0-0E2F-47A9-9FCF-411F82F536D2}.Debug|x86.Build.0 = Debug|x86
		{1774C7F0-0E2F-47A9-9FCF-411F82F536D2}.Debug|x86.Deploy.0 = Debug|x86
		{1774C7F0-0E2F-47A9-9FCF-411F82F536D2}.Release|Any CPU.ActiveCfg = Release|x64
		{1774C7F0-0E2F-47A9-9FCF-411F82F536D2}.Release|Any CPU.Build.0 = Release|x64
		{1774C7F0-0E2F-47A9-9FCF-411F82F536D2}.Release|Any CPU.Deploy.0 = Release|x64
		{1774C7F0-0E2F-47A9-9FCF-411F82F536D2}.Release|ARM.ActiveCfg = Release|ARM
		{1774C7F0-0E2F-47A9-9FCF-411F82F536D2}.Release|ARM.Build.0 = Release|ARM
		{1774C7F0-0E2F-47A9-9FCF-411F82F536D2}.Release|ARM.Deploy.0 = Release|ARM
		{1774C7F0-0E2F-47A9-9FCF-411F82F536D2}.Release|iPhone.ActiveCfg = Release|x64
		{1774C7F0-0E2F-47A9-9FCF-411F82F536D2}.Release|iPhone.Build.0 = Release|x64
		{1774C7F0-0E2F-47A9-9FCF-411F82F536D2}.Release|iPhone.Deploy.0 = Release|x64
		{1774C7F0-0E2F-47A9-9FCF-411F82F536D2}.Release|iPhoneSimulator.ActiveCfg = Release|x64
		{1774C7F0-0E2F-47A9-9FCF-411F82F536D2}.Release|iPhoneSimulator.Build.0 = Release|x64
		{1774C7F0-0E2F-47A9-9FCF-411F82F536D2}.Release|iPhoneSimulator.Deploy.0 = Release|x64
		{1774C7F0-0E2F-47A9-9FCF-411F82F536D2}.Release|x64.ActiveCfg = Release|x64
		{1774C7F0-0E2F-47A9-9FCF-411F82F536D2}.Release|x64.Build.0 = Release|x64
		{1774C7F0-0E2F-47A9-9FCF-411F82F536D2}.Release|x64.Deploy.0 = Release|x64
		{1774C7F0-0E2F-47A9-9FCF-411F82F536D2}.Release|x86.ActiveCfg = Release|x86
		{1774C7F0-0E2F-47A9-9FCF-411F82F536D2}.Release|x86.Build.0 = Release|x86
		{1774C7F0-0E2F-47A9-9FCF-411F82F536D2}.Release|x86.Deploy.0 = Release|x86
		{54CDD2A4-E1B8-400A-9D86-0308775E077B}.Debug|Any CPU.ActiveCfg = Debug|Any CPU
		{54CDD2A4-E1B8-400A-9D86-0308775E077B}.Debug|Any CPU.Build.0 = Debug|Any CPU
		{54CDD2A4-E1B8-400A-9D86-0308775E077B}.Debug|Any CPU.Deploy.0 = Debug|Any CPU
		{54CDD2A4-E1B8-400A-9D86-0308775E077B}.Debug|ARM.ActiveCfg = Debug|Any CPU
		{54CDD2A4-E1B8-400A-9D86-0308775E077B}.Debug|ARM.Build.0 = Debug|Any CPU
		{54CDD2A4-E1B8-400A-9D86-0308775E077B}.Debug|ARM.Deploy.0 = Debug|Any CPU
		{54CDD2A4-E1B8-400A-9D86-0308775E077B}.Debug|iPhone.ActiveCfg = Debug|Any CPU
		{54CDD2A4-E1B8-400A-9D86-0308775E077B}.Debug|iPhone.Build.0 = Debug|Any CPU
		{54CDD2A4-E1B8-400A-9D86-0308775E077B}.Debug|iPhone.Deploy.0 = Debug|Any CPU
		{54CDD2A4-E1B8-400A-9D86-0308775E077B}.Debug|iPhoneSimulator.ActiveCfg = Debug|Any CPU
		{54CDD2A4-E1B8-400A-9D86-0308775E077B}.Debug|iPhoneSimulator.Build.0 = Debug|Any CPU
		{54CDD2A4-E1B8-400A-9D86-0308775E077B}.Debug|iPhoneSimulator.Deploy.0 = Debug|Any CPU
		{54CDD2A4-E1B8-400A-9D86-0308775E077B}.Debug|x64.ActiveCfg = Debug|Any CPU
		{54CDD2A4-E1B8-400A-9D86-0308775E077B}.Debug|x64.Build.0 = Debug|Any CPU
		{54CDD2A4-E1B8-400A-9D86-0308775E077B}.Debug|x64.Deploy.0 = Debug|Any CPU
		{54CDD2A4-E1B8-400A-9D86-0308775E077B}.Debug|x86.ActiveCfg = Debug|Any CPU
		{54CDD2A4-E1B8-400A-9D86-0308775E077B}.Debug|x86.Build.0 = Debug|Any CPU
		{54CDD2A4-E1B8-400A-9D86-0308775E077B}.Debug|x86.Deploy.0 = Debug|Any CPU
		{54CDD2A4-E1B8-400A-9D86-0308775E077B}.Release|Any CPU.ActiveCfg = Release|Any CPU
		{54CDD2A4-E1B8-400A-9D86-0308775E077B}.Release|Any CPU.Build.0 = Release|Any CPU
		{54CDD2A4-E1B8-400A-9D86-0308775E077B}.Release|Any CPU.Deploy.0 = Release|Any CPU
		{54CDD2A4-E1B8-400A-9D86-0308775E077B}.Release|ARM.ActiveCfg = Release|Any CPU
		{54CDD2A4-E1B8-400A-9D86-0308775E077B}.Release|ARM.Build.0 = Release|Any CPU
		{54CDD2A4-E1B8-400A-9D86-0308775E077B}.Release|ARM.Deploy.0 = Release|Any CPU
		{54CDD2A4-E1B8-400A-9D86-0308775E077B}.Release|iPhone.ActiveCfg = Release|Any CPU
		{54CDD2A4-E1B8-400A-9D86-0308775E077B}.Release|iPhone.Build.0 = Release|Any CPU
		{54CDD2A4-E1B8-400A-9D86-0308775E077B}.Release|iPhone.Deploy.0 = Release|Any CPU
		{54CDD2A4-E1B8-400A-9D86-0308775E077B}.Release|iPhoneSimulator.ActiveCfg = Release|Any CPU
		{54CDD2A4-E1B8-400A-9D86-0308775E077B}.Release|iPhoneSimulator.Build.0 = Release|Any CPU
		{54CDD2A4-E1B8-400A-9D86-0308775E077B}.Release|iPhoneSimulator.Deploy.0 = Release|Any CPU
		{54CDD2A4-E1B8-400A-9D86-0308775E077B}.Release|x64.ActiveCfg = Release|Any CPU
		{54CDD2A4-E1B8-400A-9D86-0308775E077B}.Release|x64.Build.0 = Release|Any CPU
		{54CDD2A4-E1B8-400A-9D86-0308775E077B}.Release|x64.Deploy.0 = Release|Any CPU
		{54CDD2A4-E1B8-400A-9D86-0308775E077B}.Release|x86.ActiveCfg = Release|Any CPU
		{54CDD2A4-E1B8-400A-9D86-0308775E077B}.Release|x86.Build.0 = Release|Any CPU
		{54CDD2A4-E1B8-400A-9D86-0308775E077B}.Release|x86.Deploy.0 = Release|Any CPU
		{2E67B4BA-03B1-46C3-819A-CB114F4D41DF}.Debug|Any CPU.ActiveCfg = Debug|iPhoneSimulator
		{2E67B4BA-03B1-46C3-819A-CB114F4D41DF}.Debug|Any CPU.Build.0 = Debug|iPhoneSimulator
		{2E67B4BA-03B1-46C3-819A-CB114F4D41DF}.Debug|Any CPU.Deploy.0 = Debug|iPhoneSimulator
		{2E67B4BA-03B1-46C3-819A-CB114F4D41DF}.Debug|ARM.ActiveCfg = Debug|iPhoneSimulator
		{2E67B4BA-03B1-46C3-819A-CB114F4D41DF}.Debug|ARM.Build.0 = Debug|iPhoneSimulator
		{2E67B4BA-03B1-46C3-819A-CB114F4D41DF}.Debug|ARM.Deploy.0 = Debug|iPhoneSimulator
		{2E67B4BA-03B1-46C3-819A-CB114F4D41DF}.Debug|iPhone.ActiveCfg = Debug|iPhone
		{2E67B4BA-03B1-46C3-819A-CB114F4D41DF}.Debug|iPhone.Build.0 = Debug|iPhone
		{2E67B4BA-03B1-46C3-819A-CB114F4D41DF}.Debug|iPhone.Deploy.0 = Debug|iPhone
		{2E67B4BA-03B1-46C3-819A-CB114F4D41DF}.Debug|iPhoneSimulator.ActiveCfg = Debug|iPhoneSimulator
		{2E67B4BA-03B1-46C3-819A-CB114F4D41DF}.Debug|iPhoneSimulator.Build.0 = Debug|iPhoneSimulator
		{2E67B4BA-03B1-46C3-819A-CB114F4D41DF}.Debug|iPhoneSimulator.Deploy.0 = Debug|iPhoneSimulator
		{2E67B4BA-03B1-46C3-819A-CB114F4D41DF}.Debug|x64.ActiveCfg = Debug|iPhone
		{2E67B4BA-03B1-46C3-819A-CB114F4D41DF}.Debug|x64.Build.0 = Debug|iPhone
		{2E67B4BA-03B1-46C3-819A-CB114F4D41DF}.Debug|x64.Deploy.0 = Debug|iPhone
		{2E67B4BA-03B1-46C3-819A-CB114F4D41DF}.Debug|x86.ActiveCfg = Debug|iPhoneSimulator
		{2E67B4BA-03B1-46C3-819A-CB114F4D41DF}.Debug|x86.Build.0 = Debug|iPhoneSimulator
		{2E67B4BA-03B1-46C3-819A-CB114F4D41DF}.Debug|x86.Deploy.0 = Debug|iPhoneSimulator
		{2E67B4BA-03B1-46C3-819A-CB114F4D41DF}.Release|Any CPU.ActiveCfg = Release|iPhoneSimulator
		{2E67B4BA-03B1-46C3-819A-CB114F4D41DF}.Release|Any CPU.Build.0 = Release|iPhoneSimulator
		{2E67B4BA-03B1-46C3-819A-CB114F4D41DF}.Release|Any CPU.Deploy.0 = Release|iPhoneSimulator
		{2E67B4BA-03B1-46C3-819A-CB114F4D41DF}.Release|ARM.ActiveCfg = Release|iPhoneSimulator
		{2E67B4BA-03B1-46C3-819A-CB114F4D41DF}.Release|ARM.Build.0 = Release|iPhoneSimulator
		{2E67B4BA-03B1-46C3-819A-CB114F4D41DF}.Release|ARM.Deploy.0 = Release|iPhoneSimulator
		{2E67B4BA-03B1-46C3-819A-CB114F4D41DF}.Release|iPhone.ActiveCfg = Release|iPhone
		{2E67B4BA-03B1-46C3-819A-CB114F4D41DF}.Release|iPhone.Build.0 = Release|iPhone
		{2E67B4BA-03B1-46C3-819A-CB114F4D41DF}.Release|iPhone.Deploy.0 = Release|iPhone
		{2E67B4BA-03B1-46C3-819A-CB114F4D41DF}.Release|iPhoneSimulator.ActiveCfg = Release|iPhoneSimulator
		{2E67B4BA-03B1-46C3-819A-CB114F4D41DF}.Release|iPhoneSimulator.Build.0 = Release|iPhoneSimulator
		{2E67B4BA-03B1-46C3-819A-CB114F4D41DF}.Release|iPhoneSimulator.Deploy.0 = Release|iPhoneSimulator
		{2E67B4BA-03B1-46C3-819A-CB114F4D41DF}.Release|x64.ActiveCfg = Release|iPhoneSimulator
		{2E67B4BA-03B1-46C3-819A-CB114F4D41DF}.Release|x64.Build.0 = Release|iPhoneSimulator
		{2E67B4BA-03B1-46C3-819A-CB114F4D41DF}.Release|x64.Deploy.0 = Release|iPhoneSimulator
		{2E67B4BA-03B1-46C3-819A-CB114F4D41DF}.Release|x86.ActiveCfg = Release|iPhoneSimulator
		{2E67B4BA-03B1-46C3-819A-CB114F4D41DF}.Release|x86.Build.0 = Release|iPhoneSimulator
		{2E67B4BA-03B1-46C3-819A-CB114F4D41DF}.Release|x86.Deploy.0 = Release|iPhoneSimulator
		{186C23AB-AB35-4396-9E48-590A56D5D3FB}.Debug|Any CPU.ActiveCfg = Debug|Any CPU
		{186C23AB-AB35-4396-9E48-590A56D5D3FB}.Debug|Any CPU.Build.0 = Debug|Any CPU
		{186C23AB-AB35-4396-9E48-590A56D5D3FB}.Debug|Any CPU.Deploy.0 = Debug|Any CPU
		{186C23AB-AB35-4396-9E48-590A56D5D3FB}.Debug|ARM.ActiveCfg = Debug|Any CPU
		{186C23AB-AB35-4396-9E48-590A56D5D3FB}.Debug|ARM.Build.0 = Debug|Any CPU
		{186C23AB-AB35-4396-9E48-590A56D5D3FB}.Debug|ARM.Deploy.0 = Debug|Any CPU
		{186C23AB-AB35-4396-9E48-590A56D5D3FB}.Debug|iPhone.ActiveCfg = Debug|Any CPU
		{186C23AB-AB35-4396-9E48-590A56D5D3FB}.Debug|iPhone.Build.0 = Debug|Any CPU
		{186C23AB-AB35-4396-9E48-590A56D5D3FB}.Debug|iPhone.Deploy.0 = Debug|Any CPU
		{186C23AB-AB35-4396-9E48-590A56D5D3FB}.Debug|iPhoneSimulator.ActiveCfg = Debug|Any CPU
		{186C23AB-AB35-4396-9E48-590A56D5D3FB}.Debug|iPhoneSimulator.Build.0 = Debug|Any CPU
		{186C23AB-AB35-4396-9E48-590A56D5D3FB}.Debug|iPhoneSimulator.Deploy.0 = Debug|Any CPU
		{186C23AB-AB35-4396-9E48-590A56D5D3FB}.Debug|x64.ActiveCfg = Debug|Any CPU
		{186C23AB-AB35-4396-9E48-590A56D5D3FB}.Debug|x64.Build.0 = Debug|Any CPU
		{186C23AB-AB35-4396-9E48-590A56D5D3FB}.Debug|x64.Deploy.0 = Debug|Any CPU
		{186C23AB-AB35-4396-9E48-590A56D5D3FB}.Debug|x86.ActiveCfg = Debug|Any CPU
		{186C23AB-AB35-4396-9E48-590A56D5D3FB}.Debug|x86.Build.0 = Debug|Any CPU
		{186C23AB-AB35-4396-9E48-590A56D5D3FB}.Debug|x86.Deploy.0 = Debug|Any CPU
		{186C23AB-AB35-4396-9E48-590A56D5D3FB}.Release|Any CPU.ActiveCfg = Release|Any CPU
		{186C23AB-AB35-4396-9E48-590A56D5D3FB}.Release|Any CPU.Build.0 = Release|Any CPU
		{186C23AB-AB35-4396-9E48-590A56D5D3FB}.Release|Any CPU.Deploy.0 = Release|Any CPU
		{186C23AB-AB35-4396-9E48-590A56D5D3FB}.Release|ARM.ActiveCfg = Release|Any CPU
		{186C23AB-AB35-4396-9E48-590A56D5D3FB}.Release|ARM.Build.0 = Release|Any CPU
		{186C23AB-AB35-4396-9E48-590A56D5D3FB}.Release|ARM.Deploy.0 = Release|Any CPU
		{186C23AB-AB35-4396-9E48-590A56D5D3FB}.Release|iPhone.ActiveCfg = Release|Any CPU
		{186C23AB-AB35-4396-9E48-590A56D5D3FB}.Release|iPhone.Build.0 = Release|Any CPU
		{186C23AB-AB35-4396-9E48-590A56D5D3FB}.Release|iPhone.Deploy.0 = Release|Any CPU
		{186C23AB-AB35-4396-9E48-590A56D5D3FB}.Release|iPhoneSimulator.ActiveCfg = Release|Any CPU
		{186C23AB-AB35-4396-9E48-590A56D5D3FB}.Release|iPhoneSimulator.Build.0 = Release|Any CPU
		{186C23AB-AB35-4396-9E48-590A56D5D3FB}.Release|iPhoneSimulator.Deploy.0 = Release|Any CPU
		{186C23AB-AB35-4396-9E48-590A56D5D3FB}.Release|x64.ActiveCfg = Release|Any CPU
		{186C23AB-AB35-4396-9E48-590A56D5D3FB}.Release|x64.Build.0 = Release|Any CPU
		{186C23AB-AB35-4396-9E48-590A56D5D3FB}.Release|x64.Deploy.0 = Release|Any CPU
		{186C23AB-AB35-4396-9E48-590A56D5D3FB}.Release|x86.ActiveCfg = Release|Any CPU
		{186C23AB-AB35-4396-9E48-590A56D5D3FB}.Release|x86.Build.0 = Release|Any CPU
		{186C23AB-AB35-4396-9E48-590A56D5D3FB}.Release|x86.Deploy.0 = Release|Any CPU
	EndGlobalSection
	GlobalSection(SolutionProperties) = preSolution
		HideSolutionNode = FALSE
	EndGlobalSection
	GlobalSection(ExtensibilityGlobals) = postSolution
		SolutionGuid = {ABC960B6-8B19-4142-85A8-9833F453FA28}
	EndGlobalSection
EndGlobal
